
Microsoft Visual Studio Solution File, Format Version 12.00
# Visual Studio 15
VisualStudioVersion = 15.0.28307.1145
MinimumVisualStudioVersion = 10.0.40219.1
Project("{FAE04EC0-301F-11D3-BF4B-00C04F79EFBC}") = "DesignPractice", "DesignPractice.csproj", "{6B41F55A-71CE-47AE-A578-AB57468AAB63}"
EndProject
Global
	GlobalSection(SolutionConfigurationPlatforms) = preSolution
		Debug|Any CPU = Debug|Any CPU
		Release|Any CPU = Release|Any CPU
	EndGlobalSection
	GlobalSection(ProjectConfigurationPlatforms) = postSolution
		{6B41F55A-71CE-47AE-A578-AB57468AAB63}.Debug|Any CPU.ActiveCfg = Debug|Any CPU
		{6B41F55A-71CE-47AE-A578-AB57468AAB63}.Debug|Any CPU.Build.0 = Debug|Any CPU
		{6B41F55A-71CE-47AE-A578-AB57468AAB63}.Release|Any CPU.ActiveCfg = Release|Any CPU
		{6B41F55A-71CE-47AE-A578-AB57468AAB63}.Release|Any CPU.Build.0 = Release|Any CPU
	EndGlobalSection
	GlobalSection(SolutionProperties) = preSolution
		HideSolutionNode = FALSE
	EndGlobalSection
	GlobalSection(ExtensibilityGlobals) = postSolution
		SolutionGuid = {2920E7AF-534A-4993-89F4-2AA9609F6629}
	EndGlobalSection
EndGlobal
